// !$*UTF8*$!
{
	archiveVersion = 1;
	classes = {
	};
	objectVersion = 56;
	objects = {

/* Begin PBXBuildFile section */
		92685A9F2B3DD0E6008AEE77 /* ToDo_ListApp.swift in Sources */ = {isa = PBXBuildFile; fileRef = 92685A9E2B3DD0E6008AEE77 /* ToDo_ListApp.swift */; };
		92685AA12B3DD0E6008AEE77 /* MainView.swift in Sources */ = {isa = PBXBuildFile; fileRef = 92685AA02B3DD0E6008AEE77 /* MainView.swift */; };
		92685AA32B3DD0E6008AEE77 /* Assets.xcassets in Resources */ = {isa = PBXBuildFile; fileRef = 92685AA22B3DD0E6008AEE77 /* Assets.xcassets */; };
		92685AA62B3DD0E6008AEE77 /* Preview Assets.xcassets in Resources */ = {isa = PBXBuildFile; fileRef = 92685AA52B3DD0E6008AEE77 /* Preview Assets.xcassets */; };
		92685AB02B3DD0E6008AEE77 /* ToDo_ListTests.swift in Sources */ = {isa = PBXBuildFile; fileRef = 92685AAF2B3DD0E6008AEE77 /* ToDo_ListTests.swift */; };
		92685ABA2B3DD0E6008AEE77 /* ToDo_ListUITests.swift in Sources */ = {isa = PBXBuildFile; fileRef = 92685AB92B3DD0E6008AEE77 /* ToDo_ListUITests.swift */; };
		92685ABC2B3DD0E6008AEE77 /* ToDo_ListUITestsLaunchTests.swift in Sources */ = {isa = PBXBuildFile; fileRef = 92685ABB2B3DD0E6008AEE77 /* ToDo_ListUITestsLaunchTests.swift */; };
		92685ACA2B3DD204008AEE77 /* FirebaseAuth in Frameworks */ = {isa = PBXBuildFile; productRef = 92685AC92B3DD204008AEE77 /* FirebaseAuth */; };
		92685ACC2B3DD204008AEE77 /* FirebaseFirestore in Frameworks */ = {isa = PBXBuildFile; productRef = 92685ACB2B3DD204008AEE77 /* FirebaseFirestore */; };
		92685ACE2B3DD204008AEE77 /* FirebaseFirestoreSwift in Frameworks */ = {isa = PBXBuildFile; productRef = 92685ACD2B3DD204008AEE77 /* FirebaseFirestoreSwift */; };
		92685AD02B3DD95D008AEE77 /* GoogleService-Info.plist in Resources */ = {isa = PBXBuildFile; fileRef = 92685ACF2B3DD95D008AEE77 /* GoogleService-Info.plist */; };
		92685AD62B3DDD26008AEE77 /* ProfileView.swift in Sources */ = {isa = PBXBuildFile; fileRef = 92685AD52B3DDD26008AEE77 /* ProfileView.swift */; };
		92685AD82B3DDD3A008AEE77 /* ToDoListView.swift in Sources */ = {isa = PBXBuildFile; fileRef = 92685AD72B3DDD3A008AEE77 /* ToDoListView.swift */; };
		92685ADA2B3DDD58008AEE77 /* NewitemView.swift in Sources */ = {isa = PBXBuildFile; fileRef = 92685AD92B3DDD58008AEE77 /* NewitemView.swift */; };
		92685ADC2B3DDD64008AEE77 /* LoginView.swift in Sources */ = {isa = PBXBuildFile; fileRef = 92685ADB2B3DDD64008AEE77 /* LoginView.swift */; };
		92685ADE2B3DDD74008AEE77 /* RegisterView.swift in Sources */ = {isa = PBXBuildFile; fileRef = 92685ADD2B3DDD74008AEE77 /* RegisterView.swift */; };
		92685AE02B3DDDAB008AEE77 /* ToDoListitemView.swift in Sources */ = {isa = PBXBuildFile; fileRef = 92685ADF2B3DDDAB008AEE77 /* ToDoListitemView.swift */; };
		92685AE22B3DDDE1008AEE77 /* User.swift in Sources */ = {isa = PBXBuildFile; fileRef = 92685AE12B3DDDE1008AEE77 /* User.swift */; };
		92685AE42B3DDDF3008AEE77 /* ToDoListitem.swift in Sources */ = {isa = PBXBuildFile; fileRef = 92685AE32B3DDDF3008AEE77 /* ToDoListitem.swift */; };
		92685AE62B3DDE30008AEE77 /* MainViewViewModel.swift in Sources */ = {isa = PBXBuildFile; fileRef = 92685AE52B3DDE30008AEE77 /* MainViewViewModel.swift */; };
		92685AE82B3DDE3E008AEE77 /* ProfileViewViewModel.swift in Sources */ = {isa = PBXBuildFile; fileRef = 92685AE72B3DDE3E008AEE77 /* ProfileViewViewModel.swift */; };
		92685AEA2B3DDE58008AEE77 /* ToDoListViewViewModel.swift in Sources */ = {isa = PBXBuildFile; fileRef = 92685AE92B3DDE58008AEE77 /* ToDoListViewViewModel.swift */; };
		92685AEC2B3DDE66008AEE77 /* NewitemViewViewModel.swift in Sources */ = {isa = PBXBuildFile; fileRef = 92685AEB2B3DDE66008AEE77 /* NewitemViewViewModel.swift */; };
		92685AEE2B3DDE75008AEE77 /* LoginViewViewModel.swift in Sources */ = {isa = PBXBuildFile; fileRef = 92685AED2B3DDE75008AEE77 /* LoginViewViewModel.swift */; };
		92685AF02B3DDE89008AEE77 /* RegisterViewViewModel.swift in Sources */ = {isa = PBXBuildFile; fileRef = 92685AEF2B3DDE89008AEE77 /* RegisterViewViewModel.swift */; };
		92685AF22B3DDE9E008AEE77 /* ToDoListitemViewViewModel.swift in Sources */ = {isa = PBXBuildFile; fileRef = 92685AF12B3DDE9E008AEE77 /* ToDoListitemViewViewModel.swift */; };
		92685AF62B3DE436008AEE77 /* HeaderView.swift in Sources */ = {isa = PBXBuildFile; fileRef = 92685AF52B3DE436008AEE77 /* HeaderView.swift */; };
		92685AF82B3E0243008AEE77 /* TLButton.swift in Sources */ = {isa = PBXBuildFile; fileRef = 92685AF72B3E0243008AEE77 /* TLButton.swift */; };
		92685AFA2B3E1377008AEE77 /* Extensions.swift in Sources */ = {isa = PBXBuildFile; fileRef = 92685AF92B3E1377008AEE77 /* Extensions.swift */; };
		929616622B3EE31300AEA322 /* Launch Screen.storyboard in Resources */ = {isa = PBXBuildFile; fileRef = 929616612B3EE31300AEA322 /* Launch Screen.storyboard */; };
/* End PBXBuildFile section */

/* Begin PBXContainerItemProxy section */
		92685AAC2B3DD0E6008AEE77 /* PBXContainerItemProxy */ = {
			isa = PBXContainerItemProxy;
			containerPortal = 92685A932B3DD0E6008AEE77 /* Project object */;
			proxyType = 1;
			remoteGlobalIDString = 92685A9A2B3DD0E6008AEE77;
			remoteInfo = "ToDo List";
		};
		92685AB62B3DD0E6008AEE77 /* PBXContainerItemProxy */ = {
			isa = PBXContainerItemProxy;
			containerPortal = 92685A932B3DD0E6008AEE77 /* Project object */;
			proxyType = 1;
			remoteGlobalIDString = 92685A9A2B3DD0E6008AEE77;
			remoteInfo = "ToDo List";
		};
/* End PBXContainerItemProxy section */

/* Begin PBXFileReference section */
		92685A9B2B3DD0E6008AEE77 /* ToDo List.app */ = {isa = PBXFileReference; explicitFileType = wrapper.application; includeInIndex = 0; path = "ToDo List.app"; sourceTree = BUILT_PRODUCTS_DIR; };
		92685A9E2B3DD0E6008AEE77 /* ToDo_ListApp.swift */ = {isa = PBXFileReference; lastKnownFileType = sourcecode.swift; path = ToDo_ListApp.swift; sourceTree = "<group>"; };
		92685AA02B3DD0E6008AEE77 /* MainView.swift */ = {isa = PBXFileReference; lastKnownFileType = sourcecode.swift; path = MainView.swift; sourceTree = "<group>"; };
		92685AA22B3DD0E6008AEE77 /* Assets.xcassets */ = {isa = PBXFileReference; lastKnownFileType = folder.assetcatalog; path = Assets.xcassets; sourceTree = "<group>"; };
		92685AA52B3DD0E6008AEE77 /* Preview Assets.xcassets */ = {isa = PBXFileReference; lastKnownFileType = folder.assetcatalog; path = "Preview Assets.xcassets"; sourceTree = "<group>"; };
		92685AAB2B3DD0E6008AEE77 /* ToDo ListTests.xctest */ = {isa = PBXFileReference; explicitFileType = wrapper.cfbundle; includeInIndex = 0; path = "ToDo ListTests.xctest"; sourceTree = BUILT_PRODUCTS_DIR; };
		92685AAF2B3DD0E6008AEE77 /* ToDo_ListTests.swift */ = {isa = PBXFileReference; lastKnownFileType = sourcecode.swift; path = ToDo_ListTests.swift; sourceTree = "<group>"; };
		92685AB52B3DD0E6008AEE77 /* ToDo ListUITests.xctest */ = {isa = PBXFileReference; explicitFileType = wrapper.cfbundle; includeInIndex = 0; path = "ToDo ListUITests.xctest"; sourceTree = BUILT_PRODUCTS_DIR; };
		92685AB92B3DD0E6008AEE77 /* ToDo_ListUITests.swift */ = {isa = PBXFileReference; lastKnownFileType = sourcecode.swift; path = ToDo_ListUITests.swift; sourceTree = "<group>"; };
		92685ABB2B3DD0E6008AEE77 /* ToDo_ListUITestsLaunchTests.swift */ = {isa = PBXFileReference; lastKnownFileType = sourcecode.swift; path = ToDo_ListUITestsLaunchTests.swift; sourceTree = "<group>"; };
		92685ACF2B3DD95D008AEE77 /* GoogleService-Info.plist */ = {isa = PBXFileReference; fileEncoding = 4; lastKnownFileType = text.plist.xml; path = "GoogleService-Info.plist"; sourceTree = "<group>"; };
		92685AD52B3DDD26008AEE77 /* ProfileView.swift */ = {isa = PBXFileReference; lastKnownFileType = sourcecode.swift; path = ProfileView.swift; sourceTree = "<group>"; };
		92685AD72B3DDD3A008AEE77 /* ToDoListView.swift */ = {isa = PBXFileReference; lastKnownFileType = sourcecode.swift; path = ToDoListView.swift; sourceTree = "<group>"; };
		92685AD92B3DDD58008AEE77 /* NewitemView.swift */ = {isa = PBXFileReference; lastKnownFileType = sourcecode.swift; path = NewitemView.swift; sourceTree = "<group>"; };
		92685ADB2B3DDD64008AEE77 /* LoginView.swift */ = {isa = PBXFileReference; lastKnownFileType = sourcecode.swift; path = LoginView.swift; sourceTree = "<group>"; };
		92685ADD2B3DDD74008AEE77 /* RegisterView.swift */ = {isa = PBXFileReference; lastKnownFileType = sourcecode.swift; path = RegisterView.swift; sourceTree = "<group>"; };
		92685ADF2B3DDDAB008AEE77 /* ToDoListitemView.swift */ = {isa = PBXFileReference; lastKnownFileType = sourcecode.swift; path = ToDoListitemView.swift; sourceTree = "<group>"; };
		92685AE12B3DDDE1008AEE77 /* User.swift */ = {isa = PBXFileReference; lastKnownFileType = sourcecode.swift; path = User.swift; sourceTree = "<group>"; };
		92685AE32B3DDDF3008AEE77 /* ToDoListitem.swift */ = {isa = PBXFileReference; lastKnownFileType = sourcecode.swift; path = ToDoListitem.swift; sourceTree = "<group>"; };
		92685AE52B3DDE30008AEE77 /* MainViewViewModel.swift */ = {isa = PBXFileReference; lastKnownFileType = sourcecode.swift; path = MainViewViewModel.swift; sourceTree = "<group>"; };
		92685AE72B3DDE3E008AEE77 /* ProfileViewViewModel.swift */ = {isa = PBXFileReference; lastKnownFileType = sourcecode.swift; path = ProfileViewViewModel.swift; sourceTree = "<group>"; };
		92685AE92B3DDE58008AEE77 /* ToDoListViewViewModel.swift */ = {isa = PBXFileReference; lastKnownFileType = sourcecode.swift; path = ToDoListViewViewModel.swift; sourceTree = "<group>"; };
		92685AEB2B3DDE66008AEE77 /* NewitemViewViewModel.swift */ = {isa = PBXFileReference; lastKnownFileType = sourcecode.swift; path = NewitemViewViewModel.swift; sourceTree = "<group>"; };
		92685AED2B3DDE75008AEE77 /* LoginViewViewModel.swift */ = {isa = PBXFileReference; lastKnownFileType = sourcecode.swift; path = LoginViewViewModel.swift; sourceTree = "<group>"; };
		92685AEF2B3DDE89008AEE77 /* RegisterViewViewModel.swift */ = {isa = PBXFileReference; lastKnownFileType = sourcecode.swift; path = RegisterViewViewModel.swift; sourceTree = "<group>"; };
		92685AF12B3DDE9E008AEE77 /* ToDoListitemViewViewModel.swift */ = {isa = PBXFileReference; lastKnownFileType = sourcecode.swift; path = ToDoListitemViewViewModel.swift; sourceTree = "<group>"; };
		92685AF52B3DE436008AEE77 /* HeaderView.swift */ = {isa = PBXFileReference; lastKnownFileType = sourcecode.swift; path = HeaderView.swift; sourceTree = "<group>"; };
		92685AF72B3E0243008AEE77 /* TLButton.swift */ = {isa = PBXFileReference; lastKnownFileType = sourcecode.swift; path = TLButton.swift; sourceTree = "<group>"; };
		92685AF92B3E1377008AEE77 /* Extensions.swift */ = {isa = PBXFileReference; lastKnownFileType = sourcecode.swift; path = Extensions.swift; sourceTree = "<group>"; };
		929616612B3EE31300AEA322 /* Launch Screen.storyboard */ = {isa = PBXFileReference; lastKnownFileType = file.storyboard; path = "Launch Screen.storyboard"; sourceTree = "<group>"; };
/* End PBXFileReference section */

/* Begin PBXFrameworksBuildPhase section */
		92685A982B3DD0E6008AEE77 /* Frameworks */ = {
			isa = PBXFrameworksBuildPhase;
			buildActionMask = 2147483647;
			files = (
				92685ACA2B3DD204008AEE77 /* FirebaseAuth in Frameworks */,
				92685ACC2B3DD204008AEE77 /* FirebaseFirestore in Frameworks */,
				92685ACE2B3DD204008AEE77 /* FirebaseFirestoreSwift in Frameworks */,
			);
			runOnlyForDeploymentPostprocessing = 0;
		};
		92685AA82B3DD0E6008AEE77 /* Frameworks */ = {
			isa = PBXFrameworksBuildPhase;
			buildActionMask = 2147483647;
			files = (
			);
			runOnlyForDeploymentPostprocessing = 0;
		};
		92685AB22B3DD0E6008AEE77 /* Frameworks */ = {
			isa = PBXFrameworksBuildPhase;
			buildActionMask = 2147483647;
			files = (
			);
			runOnlyForDeploymentPostprocessing = 0;
		};
/* End PBXFrameworksBuildPhase section */

/* Begin PBXGroup section */
		92685A922B3DD0E5008AEE77 = {
			isa = PBXGroup;
			children = (
				92685A9D2B3DD0E6008AEE77 /* ToDo List */,
				92685AAE2B3DD0E6008AEE77 /* ToDo ListTests */,
				92685AB82B3DD0E6008AEE77 /* ToDo ListUITests */,
				92685A9C2B3DD0E6008AEE77 /* Products */,
			);
			sourceTree = "<group>";
		};
		92685A9C2B3DD0E6008AEE77 /* Products */ = {
			isa = PBXGroup;
			children = (
				92685A9B2B3DD0E6008AEE77 /* ToDo List.app */,
				92685AAB2B3DD0E6008AEE77 /* ToDo ListTests.xctest */,
				92685AB52B3DD0E6008AEE77 /* ToDo ListUITests.xctest */,
			);
			name = Products;
			sourceTree = "<group>";
		};
		92685A9D2B3DD0E6008AEE77 /* ToDo List */ = {
			isa = PBXGroup;
			children = (
				92685AD42B3DDAFF008AEE77 /* Other */,
				92685AD32B3DDAF0008AEE77 /* Models */,
				92685AD22B3DDADD008AEE77 /* ViewModels */,
				92685AD12B3DDAC8008AEE77 /* Views */,
				92685AA22B3DD0E6008AEE77 /* Assets.xcassets */,
				92685AA42B3DD0E6008AEE77 /* Preview Content */,
			);
			path = "ToDo List";
			sourceTree = "<group>";
		};
		92685AA42B3DD0E6008AEE77 /* Preview Content */ = {
			isa = PBXGroup;
			children = (
				92685AA52B3DD0E6008AEE77 /* Preview Assets.xcassets */,
			);
			path = "Preview Content";
			sourceTree = "<group>";
		};
		92685AAE2B3DD0E6008AEE77 /* ToDo ListTests */ = {
			isa = PBXGroup;
			children = (
				92685AAF2B3DD0E6008AEE77 /* ToDo_ListTests.swift */,
			);
			path = "ToDo ListTests";
			sourceTree = "<group>";
		};
		92685AB82B3DD0E6008AEE77 /* ToDo ListUITests */ = {
			isa = PBXGroup;
			children = (
				92685AB92B3DD0E6008AEE77 /* ToDo_ListUITests.swift */,
				92685ABB2B3DD0E6008AEE77 /* ToDo_ListUITestsLaunchTests.swift */,
			);
			path = "ToDo ListUITests";
			sourceTree = "<group>";
		};
		92685AD12B3DDAC8008AEE77 /* Views */ = {
			isa = PBXGroup;
			children = (
				92685AA02B3DD0E6008AEE77 /* MainView.swift */,
				92685AD52B3DDD26008AEE77 /* ProfileView.swift */,
				92685AD72B3DDD3A008AEE77 /* ToDoListView.swift */,
				92685AD92B3DDD58008AEE77 /* NewitemView.swift */,
				92685ADB2B3DDD64008AEE77 /* LoginView.swift */,
				92685ADD2B3DDD74008AEE77 /* RegisterView.swift */,
				92685AF72B3E0243008AEE77 /* TLButton.swift */,
				92685ADF2B3DDDAB008AEE77 /* ToDoListitemView.swift */,
				92685AF52B3DE436008AEE77 /* HeaderView.swift */,
			);
			path = Views;
			sourceTree = "<group>";
		};
		92685AD22B3DDADD008AEE77 /* ViewModels */ = {
			isa = PBXGroup;
			children = (
				92685AE52B3DDE30008AEE77 /* MainViewViewModel.swift */,
				92685AE72B3DDE3E008AEE77 /* ProfileViewViewModel.swift */,
				92685AE92B3DDE58008AEE77 /* ToDoListViewViewModel.swift */,
				92685AEB2B3DDE66008AEE77 /* NewitemViewViewModel.swift */,
				92685AED2B3DDE75008AEE77 /* LoginViewViewModel.swift */,
				92685AEF2B3DDE89008AEE77 /* RegisterViewViewModel.swift */,
				92685AF12B3DDE9E008AEE77 /* ToDoListitemViewViewModel.swift */,
			);
			path = ViewModels;
			sourceTree = "<group>";
		};
		92685AD32B3DDAF0008AEE77 /* Models */ = {
			isa = PBXGroup;
			children = (
				92685AE12B3DDDE1008AEE77 /* User.swift */,
				92685AE32B3DDDF3008AEE77 /* ToDoListitem.swift */,
			);
			path = Models;
			sourceTree = "<group>";
		};
		92685AD42B3DDAFF008AEE77 /* Other */ = {
			isa = PBXGroup;
			children = (
				92685A9E2B3DD0E6008AEE77 /* ToDo_ListApp.swift */,
				92685ACF2B3DD95D008AEE77 /* GoogleService-Info.plist */,
				92685AF92B3E1377008AEE77 /* Extensions.swift */,
				929616612B3EE31300AEA322 /* Launch Screen.storyboard */,
			);
			path = Other;
			sourceTree = "<group>";
		};
/* End PBXGroup section */

/* Begin PBXNativeTarget section */
		92685A9A2B3DD0E6008AEE77 /* ToDo List */ = {
			isa = PBXNativeTarget;
			buildConfigurationList = 92685ABF2B3DD0E6008AEE77 /* Build configuration list for PBXNativeTarget "ToDo List" */;
			buildPhases = (
				92685A972B3DD0E6008AEE77 /* Sources */,
				92685A982B3DD0E6008AEE77 /* Frameworks */,
				92685A992B3DD0E6008AEE77 /* Resources */,
			);
			buildRules = (
			);
			dependencies = (
			);
			name = "ToDo List";
			packageProductDependencies = (
				92685AC92B3DD204008AEE77 /* FirebaseAuth */,
				92685ACB2B3DD204008AEE77 /* FirebaseFirestore */,
				92685ACD2B3DD204008AEE77 /* FirebaseFirestoreSwift */,
			);
			productName = "ToDo List";
			productReference = 92685A9B2B3DD0E6008AEE77 /* ToDo List.app */;
			productType = "com.apple.product-type.application";
		};
		92685AAA2B3DD0E6008AEE77 /* ToDo ListTests */ = {
			isa = PBXNativeTarget;
			buildConfigurationList = 92685AC22B3DD0E6008AEE77 /* Build configuration list for PBXNativeTarget "ToDo ListTests" */;
			buildPhases = (
				92685AA72B3DD0E6008AEE77 /* Sources */,
				92685AA82B3DD0E6008AEE77 /* Frameworks */,
				92685AA92B3DD0E6008AEE77 /* Resources */,
			);
			buildRules = (
			);
			dependencies = (
				92685AAD2B3DD0E6008AEE77 /* PBXTargetDependency */,
			);
			name = "ToDo ListTests";
			productName = "ToDo ListTests";
			productReference = 92685AAB2B3DD0E6008AEE77 /* ToDo ListTests.xctest */;
			productType = "com.apple.product-type.bundle.unit-test";
		};
		92685AB42B3DD0E6008AEE77 /* ToDo ListUITests */ = {
			isa = PBXNativeTarget;
			buildConfigurationList = 92685AC52B3DD0E6008AEE77 /* Build configuration list for PBXNativeTarget "ToDo ListUITests" */;
			buildPhases = (
				92685AB12B3DD0E6008AEE77 /* Sources */,
				92685AB22B3DD0E6008AEE77 /* Frameworks */,
				92685AB32B3DD0E6008AEE77 /* Resources */,
			);
			buildRules = (
			);
			dependencies = (
				92685AB72B3DD0E6008AEE77 /* PBXTargetDependency */,
			);
			name = "ToDo ListUITests";
			productName = "ToDo ListUITests";
			productReference = 92685AB52B3DD0E6008AEE77 /* ToDo ListUITests.xctest */;
			productType = "com.apple.product-type.bundle.ui-testing";
		};
/* End PBXNativeTarget section */

/* Begin PBXProject section */
		92685A932B3DD0E6008AEE77 /* Project object */ = {
			isa = PBXProject;
			attributes = {
				BuildIndependentTargetsInParallel = 1;
				LastSwiftUpdateCheck = 1430;
				LastUpgradeCheck = 1430;
				TargetAttributes = {
					92685A9A2B3DD0E6008AEE77 = {
						CreatedOnToolsVersion = 14.3.1;
					};
					92685AAA2B3DD0E6008AEE77 = {
						CreatedOnToolsVersion = 14.3.1;
						TestTargetID = 92685A9A2B3DD0E6008AEE77;
					};
					92685AB42B3DD0E6008AEE77 = {
						CreatedOnToolsVersion = 14.3.1;
						TestTargetID = 92685A9A2B3DD0E6008AEE77;
					};
				};
			};
			buildConfigurationList = 92685A962B3DD0E6008AEE77 /* Build configuration list for PBXProject "ToDo List" */;
			compatibilityVersion = "Xcode 14.0";
			developmentRegion = en;
			hasScannedForEncodings = 0;
			knownRegions = (
				en,
				Base,
			);
			mainGroup = 92685A922B3DD0E5008AEE77;
			packageReferences = (
				92685AC82B3DD204008AEE77 /* XCRemoteSwiftPackageReference "firebase-ios-sdk" */,
			);
			productRefGroup = 92685A9C2B3DD0E6008AEE77 /* Products */;
			projectDirPath = "";
			projectRoot = "";
			targets = (
				92685A9A2B3DD0E6008AEE77 /* ToDo List */,
				92685AAA2B3DD0E6008AEE77 /* ToDo ListTests */,
				92685AB42B3DD0E6008AEE77 /* ToDo ListUITests */,
			);
		};
/* End PBXProject section */

/* Begin PBXResourcesBuildPhase section */
		92685A992B3DD0E6008AEE77 /* Resources */ = {
			isa = PBXResourcesBuildPhase;
			buildActionMask = 2147483647;
			files = (
				92685AA62B3DD0E6008AEE77 /* Preview Assets.xcassets in Resources */,
				92685AA32B3DD0E6008AEE77 /* Assets.xcassets in Resources */,
				929616622B3EE31300AEA322 /* Launch Screen.storyboard in Resources */,
				92685AD02B3DD95D008AEE77 /* GoogleService-Info.plist in Resources */,
			);
			runOnlyForDeploymentPostprocessing = 0;
		};
		92685AA92B3DD0E6008AEE77 /* Resources */ = {
			isa = PBXResourcesBuildPhase;
			buildActionMask = 2147483647;
			files = (
			);
			runOnlyForDeploymentPostprocessing = 0;
		};
		92685AB32B3DD0E6008AEE77 /* Resources */ = {
			isa = PBXResourcesBuildPhase;
			buildActionMask = 2147483647;
			files = (
			);
			runOnlyForDeploymentPostprocessing = 0;
		};
/* End PBXResourcesBuildPhase section */

/* Begin PBXSourcesBuildPhase section */
		92685A972B3DD0E6008AEE77 /* Sources */ = {
			isa = PBXSourcesBuildPhase;
			buildActionMask = 2147483647;
			files = (
				92685ADC2B3DDD64008AEE77 /* LoginView.swift in Sources */,
				92685AF62B3DE436008AEE77 /* HeaderView.swift in Sources */,
				92685AE02B3DDDAB008AEE77 /* ToDoListitemView.swift in Sources */,
				92685AF02B3DDE89008AEE77 /* RegisterViewViewModel.swift in Sources */,
				92685AE62B3DDE30008AEE77 /* MainViewViewModel.swift in Sources */,
				92685AA12B3DD0E6008AEE77 /* MainView.swift in Sources */,
				92685AD82B3DDD3A008AEE77 /* ToDoListView.swift in Sources */,
				92685AF82B3E0243008AEE77 /* TLButton.swift in Sources */,
				92685AE82B3DDE3E008AEE77 /* ProfileViewViewModel.swift in Sources */,
				92685AE42B3DDDF3008AEE77 /* ToDoListitem.swift in Sources */,
				92685ADE2B3DDD74008AEE77 /* RegisterView.swift in Sources */,
				92685AE22B3DDDE1008AEE77 /* User.swift in Sources */,
				92685AEA2B3DDE58008AEE77 /* ToDoListViewViewModel.swift in Sources */,
				92685AEE2B3DDE75008AEE77 /* LoginViewViewModel.swift in Sources */,
				92685AD62B3DDD26008AEE77 /* ProfileView.swift in Sources */,
				92685AFA2B3E1377008AEE77 /* Extensions.swift in Sources */,
				92685AEC2B3DDE66008AEE77 /* NewitemViewViewModel.swift in Sources */,
				92685AF22B3DDE9E008AEE77 /* ToDoListitemViewViewModel.swift in Sources */,
				92685A9F2B3DD0E6008AEE77 /* ToDo_ListApp.swift in Sources */,
				92685ADA2B3DDD58008AEE77 /* NewitemView.swift in Sources */,
			);
			runOnlyForDeploymentPostprocessing = 0;
		};
		92685AA72B3DD0E6008AEE77 /* Sources */ = {
			isa = PBXSourcesBuildPhase;
			buildActionMask = 2147483647;
			files = (
				92685AB02B3DD0E6008AEE77 /* ToDo_ListTests.swift in Sources */,
			);
			runOnlyForDeploymentPostprocessing = 0;
		};
		92685AB12B3DD0E6008AEE77 /* Sources */ = {
			isa = PBXSourcesBuildPhase;
			buildActionMask = 2147483647;
			files = (
				92685ABC2B3DD0E6008AEE77 /* ToDo_ListUITestsLaunchTests.swift in Sources */,
				92685ABA2B3DD0E6008AEE77 /* ToDo_ListUITests.swift in Sources */,
			);
			runOnlyForDeploymentPostprocessing = 0;
		};
/* End PBXSourcesBuildPhase section */

/* Begin PBXTargetDependency section */
		92685AAD2B3DD0E6008AEE77 /* PBXTargetDependency */ = {
			isa = PBXTargetDependency;
			target = 92685A9A2B3DD0E6008AEE77 /* ToDo List */;
			targetProxy = 92685AAC2B3DD0E6008AEE77 /* PBXContainerItemProxy */;
		};
		92685AB72B3DD0E6008AEE77 /* PBXTargetDependency */ = {
			isa = PBXTargetDependency;
			target = 92685A9A2B3DD0E6008AEE77 /* ToDo List */;
			targetProxy = 92685AB62B3DD0E6008AEE77 /* PBXContainerItemProxy */;
		};
/* End PBXTargetDependency section */

/* Begin XCBuildConfiguration section */
		92685ABD2B3DD0E6008AEE77 /* Debug */ = {
			isa = XCBuildConfiguration;
			buildSettings = {
				ALWAYS_SEARCH_USER_PATHS = NO;
				CLANG_ANALYZER_NONNULL = YES;
				CLANG_ANALYZER_NUMBER_OBJECT_CONVERSION = YES_AGGRESSIVE;
				CLANG_CXX_LANGUAGE_STANDARD = "gnu++20";
				CLANG_ENABLE_MODULES = YES;
				CLANG_ENABLE_OBJC_ARC = YES;
				CLANG_ENABLE_OBJC_WEAK = YES;
				CLANG_WARN_BLOCK_CAPTURE_AUTORELEASING = YES;
				CLANG_WARN_BOOL_CONVERSION = YES;
				CLANG_WARN_COMMA = YES;
				CLANG_WARN_CONSTANT_CONVERSION = YES;
				CLANG_WARN_DEPRECATED_OBJC_IMPLEMENTATIONS = YES;
				CLANG_WARN_DIRECT_OBJC_ISA_USAGE = YES_ERROR;
				CLANG_WARN_DOCUMENTATION_COMMENTS = YES;
				CLANG_WARN_EMPTY_BODY = YES;
				CLANG_WARN_ENUM_CONVERSION = YES;
				CLANG_WARN_INFINITE_RECURSION = YES;
				CLANG_WARN_INT_CONVERSION = YES;
				CLANG_WARN_NON_LITERAL_NULL_CONVERSION = YES;
				CLANG_WARN_OBJC_IMPLICIT_RETAIN_SELF = YES;
				CLANG_WARN_OBJC_LITERAL_CONVERSION = YES;
				CLANG_WARN_OBJC_ROOT_CLASS = YES_ERROR;
				CLANG_WARN_QUOTED_INCLUDE_IN_FRAMEWORK_HEADER = YES;
				CLANG_WARN_RANGE_LOOP_ANALYSIS = YES;
				CLANG_WARN_STRICT_PROTOTYPES = YES;
				CLANG_WARN_SUSPICIOUS_MOVE = YES;
				CLANG_WARN_UNGUARDED_AVAILABILITY = YES_AGGRESSIVE;
				CLANG_WARN_UNREACHABLE_CODE = YES;
				CLANG_WARN__DUPLICATE_METHOD_MATCH = YES;
				COPY_PHASE_STRIP = NO;
				DEBUG_INFORMATION_FORMAT = dwarf;
				ENABLE_STRICT_OBJC_MSGSEND = YES;
				ENABLE_TESTABILITY = YES;
				GCC_C_LANGUAGE_STANDARD = gnu11;
				GCC_DYNAMIC_NO_PIC = NO;
				GCC_NO_COMMON_BLOCKS = YES;
				GCC_OPTIMIZATION_LEVEL = 0;
				GCC_PREPROCESSOR_DEFINITIONS = (
					"DEBUG=1",
					"$(inherited)",
				);
				GCC_WARN_64_TO_32_BIT_CONVERSION = YES;
				GCC_WARN_ABOUT_RETURN_TYPE = YES_ERROR;
				GCC_WARN_UNDECLARED_SELECTOR = YES;
				GCC_WARN_UNINITIALIZED_AUTOS = YES_AGGRESSIVE;
				GCC_WARN_UNUSED_FUNCTION = YES;
				GCC_WARN_UNUSED_VARIABLE = YES;
				IPHONEOS_DEPLOYMENT_TARGET = 16.4;
				MTL_ENABLE_DEBUG_INFO = INCLUDE_SOURCE;
				MTL_FAST_MATH = YES;
				ONLY_ACTIVE_ARCH = YES;
				SDKROOT = iphoneos;
				SWIFT_ACTIVE_COMPILATION_CONDITIONS = DEBUG;
				SWIFT_OPTIMIZATION_LEVEL = "-Onone";
			};
			name = Debug;
		};
		92685ABE2B3DD0E6008AEE77 /* Release */ = {
			isa = XCBuildConfiguration;
			buildSettings = {
				ALWAYS_SEARCH_USER_PATHS = NO;
				CLANG_ANALYZER_NONNULL = YES;
				CLANG_ANALYZER_NUMBER_OBJECT_CONVERSION = YES_AGGRESSIVE;
				CLANG_CXX_LANGUAGE_STANDARD = "gnu++20";
				CLANG_ENABLE_MODULES = YES;
				CLANG_ENABLE_OBJC_ARC = YES;
				CLANG_ENABLE_OBJC_WEAK = YES;
				CLANG_WARN_BLOCK_CAPTURE_AUTORELEASING = YES;
				CLANG_WARN_BOOL_CONVERSION = YES;
				CLANG_WARN_COMMA = YES;
				CLANG_WARN_CONSTANT_CONVERSION = YES;
				CLANG_WARN_DEPRECATED_OBJC_IMPLEMENTATIONS = YES;
				CLANG_WARN_DIRECT_OBJC_ISA_USAGE = YES_ERROR;
				CLANG_WARN_DOCUMENTATION_COMMENTS = YES;
				CLANG_WARN_EMPTY_BODY = YES;
				CLANG_WARN_ENUM_CONVERSION = YES;
				CLANG_WARN_INFINITE_RECURSION = YES;
				CLANG_WARN_INT_CONVERSION = YES;
				CLANG_WARN_NON_LITERAL_NULL_CONVERSION = YES;
				CLANG_WARN_OBJC_IMPLICIT_RETAIN_SELF = YES;
				CLANG_WARN_OBJC_LITERAL_CONVERSION = YES;
				CLANG_WARN_OBJC_ROOT_CLASS = YES_ERROR;
				CLANG_WARN_QUOTED_INCLUDE_IN_FRAMEWORK_HEADER = YES;
				CLANG_WARN_RANGE_LOOP_ANALYSIS = YES;
				CLANG_WARN_STRICT_PROTOTYPES = YES;
				CLANG_WARN_SUSPICIOUS_MOVE = YES;
				CLANG_WARN_UNGUARDED_AVAILABILITY = YES_AGGRESSIVE;
				CLANG_WARN_UNREACHABLE_CODE = YES;
				CLANG_WARN__DUPLICATE_METHOD_MATCH = YES;
				COPY_PHASE_STRIP = NO;
				DEBUG_INFORMATION_FORMAT = "dwarf-with-dsym";
				ENABLE_NS_ASSERTIONS = NO;
				ENABLE_STRICT_OBJC_MSGSEND = YES;
				GCC_C_LANGUAGE_STANDARD = gnu11;
				GCC_NO_COMMON_BLOCKS = YES;
				GCC_WARN_64_TO_32_BIT_CONVERSION = YES;
				GCC_WARN_ABOUT_RETURN_TYPE = YES_ERROR;
				GCC_WARN_UNDECLARED_SELECTOR = YES;
				GCC_WARN_UNINITIALIZED_AUTOS = YES_AGGRESSIVE;
				GCC_WARN_UNUSED_FUNCTION = YES;
				GCC_WARN_UNUSED_VARIABLE = YES;
				IPHONEOS_DEPLOYMENT_TARGET = 16.4;
				MTL_ENABLE_DEBUG_INFO = NO;
				MTL_FAST_MATH = YES;
				SDKROOT = iphoneos;
				SWIFT_COMPILATION_MODE = wholemodule;
				SWIFT_OPTIMIZATION_LEVEL = "-O";
				VALIDATE_PRODUCT = YES;
			};
			name = Release;
		};
		92685AC02B3DD0E6008AEE77 /* Debug */ = {
			isa = XCBuildConfiguration;
			buildSettings = {
				ASSETCATALOG_COMPILER_APPICON_NAME = AppIcon;
				ASSETCATALOG_COMPILER_GLOBAL_ACCENT_COLOR_NAME = AccentColor;
				CODE_SIGN_STYLE = Automatic;
				CURRENT_PROJECT_VERSION = 1;
				DEVELOPMENT_ASSET_PATHS = "\"ToDo List/Preview Content\"";
				DEVELOPMENT_TEAM = ACVDY5D97G;
				ENABLE_PREVIEWS = YES;
				GENERATE_INFOPLIST_FILE = YES;
				INFOPLIST_KEY_CFBundleDisplayName = "KARO DHARO";
				INFOPLIST_KEY_UIApplicationSceneManifest_Generation = YES;
				INFOPLIST_KEY_UIApplicationSupportsIndirectInputEvents = YES;
				INFOPLIST_KEY_UILaunchScreen_Generation = YES;
				INFOPLIST_KEY_UILaunchStoryboardName = "Launch Screen.storyboard";
				INFOPLIST_KEY_UISupportedInterfaceOrientations = UIInterfaceOrientationPortrait;
				IPHONEOS_DEPLOYMENT_TARGET = 16.4;
				LD_RUNPATH_SEARCH_PATHS = (
					"$(inherited)",
					"@executable_path/Frameworks",
				);
				MARKETING_VERSION = 1.0;
				PRODUCT_BUNDLE_IDENTIFIER = "aryan-satyam.ToDo-List";
				PRODUCT_NAME = "$(TARGET_NAME)";
				SWIFT_EMIT_LOC_STRINGS = YES;
				SWIFT_VERSION = 5.0;
				TARGETED_DEVICE_FAMILY = "1,2";
			};
			name = Debug;
		};
		92685AC12B3DD0E6008AEE77 /* Release */ = {
			isa = XCBuildConfiguration;
			buildSettings = {
				ASSETCATALOG_COMPILER_APPICON_NAME = AppIcon;
				ASSETCATALOG_COMPILER_GLOBAL_ACCENT_COLOR_NAME = AccentColor;
				CODE_SIGN_STYLE = Automatic;
				CURRENT_PROJECT_VERSION = 1;
				DEVELOPMENT_ASSET_PATHS = "\"ToDo List/Preview Content\"";
				DEVELOPMENT_TEAM = ACVDY5D97G;
				ENABLE_PREVIEWS = YES;
				GENERATE_INFOPLIST_FILE = YES;
				INFOPLIST_KEY_CFBundleDisplayName = "KARO DHARO";
				INFOPLIST_KEY_UIApplicationSceneManifest_Generation = YES;
				INFOPLIST_KEY_UIApplicationSupportsIndirectInputEvents = YES;
				INFOPLIST_KEY_UILaunchScreen_Generation = YES;
				INFOPLIST_KEY_UILaunchStoryboardName = "Launch Screen.storyboard";
				INFOPLIST_KEY_UISupportedInterfaceOrientations = UIInterfaceOrientationPortrait;
				IPHONEOS_DEPLOYMENT_TARGET = 16.4;
				LD_RUNPATH_SEARCH_PATHS = (
					"$(inherited)",
					"@executable_path/Frameworks",
				);
				MARKETING_VERSION = 1.0;
				PRODUCT_BUNDLE_IDENTIFIER = "aryan-satyam.ToDo-List";
				PRODUCT_NAME = "$(TARGET_NAME)";
				SWIFT_EMIT_LOC_STRINGS = YES;
				SWIFT_VERSION = 5.0;
				TARGETED_DEVICE_FAMILY = "1,2";
			};
			name = Release;
		};
		92685AC32B3DD0E6008AEE77 /* Debug */ = {
			isa = XCBuildConfiguration;
			buildSettings = {
				ALWAYS_EMBED_SWIFT_STANDARD_LIBRARIES = YES;
				BUNDLE_LOADER = "$(TEST_HOST)";
				CODE_SIGN_STYLE = Automatic;
				CURRENT_PROJECT_VERSION = 1;
				DEVELOPMENT_TEAM = ACVDY5D97G;
				GENERATE_INFOPLIST_FILE = YES;
				IPHONEOS_DEPLOYMENT_TARGET = 16.4;
				MARKETING_VERSION = 1.0;
				PRODUCT_BUNDLE_IDENTIFIER = "aryan-satyam.ToDo-ListTests";
				PRODUCT_NAME = "$(TARGET_NAME)";
				SWIFT_EMIT_LOC_STRINGS = NO;
				SWIFT_VERSION = 5.0;
				TARGETED_DEVICE_FAMILY = "1,2";
				TEST_HOST = "$(BUILT_PRODUCTS_DIR)/ToDo List.app/$(BUNDLE_EXECUTABLE_FOLDER_PATH)/ToDo List";
			};
			name = Debug;
		};
		92685AC42B3DD0E6008AEE77 /* Release */ = {
			isa = XCBuildConfiguration;
			buildSettings = {
				ALWAYS_EMBED_SWIFT_STANDARD_LIBRARIES = YES;
				BUNDLE_LOADER = "$(TEST_HOST)";
				CODE_SIGN_STYLE = Automatic;
				CURRENT_PROJECT_VERSION = 1;
				DEVELOPMENT_TEAM = ACVDY5D97G;
				GENERATE_INFOPLIST_FILE = YES;
				IPHONEOS_DEPLOYMENT_TARGET = 16.4;
				MARKETING_VERSION = 1.0;
				PRODUCT_BUNDLE_IDENTIFIER = "aryan-satyam.ToDo-ListTests";
				PRODUCT_NAME = "$(TARGET_NAME)";
				SWIFT_EMIT_LOC_STRINGS = NO;
				SWIFT_VERSION = 5.0;
				TARGETED_DEVICE_FAMILY = "1,2";
				TEST_HOST = "$(BUILT_PRODUCTS_DIR)/ToDo List.app/$(BUNDLE_EXECUTABLE_FOLDER_PATH)/ToDo List";
			};
			name = Release;
		};
		92685AC62B3DD0E6008AEE77 /* Debug */ = {
			isa = XCBuildConfiguration;
			buildSettings = {
				ALWAYS_EMBED_SWIFT_STANDARD_LIBRARIES = YES;
				CODE_SIGN_STYLE = Automatic;
				CURRENT_PROJECT_VERSION = 1;
				DEVELOPMENT_TEAM = ACVDY5D97G;
				GENERATE_INFOPLIST_FILE = YES;
				MARKETING_VERSION = 1.0;
				PRODUCT_BUNDLE_IDENTIFIER = "aryan-satyam.ToDo-ListUITests";
				PRODUCT_NAME = "$(TARGET_NAME)";
				SWIFT_EMIT_LOC_STRINGS = NO;
				SWIFT_VERSION = 5.0;
				TARGETED_DEVICE_FAMILY = "1,2";
				TEST_TARGET_NAME = "ToDo List";
			};
			name = Debug;
		};
		92685AC72B3DD0E6008AEE77 /* Release */ = {
			isa = XCBuildConfiguration;
			buildSettings = {
				ALWAYS_EMBED_SWIFT_STANDARD_LIBRARIES = YES;
				CODE_SIGN_STYLE = Automatic;
				CURRENT_PROJECT_VERSION = 1;
				DEVELOPMENT_TEAM = ACVDY5D97G;
				GENERATE_INFOPLIST_FILE = YES;
				MARKETING_VERSION = 1.0;
				PRODUCT_BUNDLE_IDENTIFIER = "aryan-satyam.ToDo-ListUITests";
				PRODUCT_NAME = "$(TARGET_NAME)";
				SWIFT_EMIT_LOC_STRINGS = NO;
				SWIFT_VERSION = 5.0;
				TARGETED_DEVICE_FAMILY = "1,2";
				TEST_TARGET_NAME = "ToDo List";
			};
			name = Release;
		};
/* End XCBuildConfiguration section */

/* Begin XCConfigurationList section */
		92685A962B3DD0E6008AEE77 /* Build configuration list for PBXProject "ToDo List" */ = {
			isa = XCConfigurationList;
			buildConfigurations = (
				92685ABD2B3DD0E6008AEE77 /* Debug */,
				92685ABE2B3DD0E6008AEE77 /* Release */,
			);
			defaultConfigurationIsVisible = 0;
			defaultConfigurationName = Release;
		};
		92685ABF2B3DD0E6008AEE77 /* Build configuration list for PBXNativeTarget "ToDo List" */ = {
			isa = XCConfigurationList;
			buildConfigurations = (
				92685AC02B3DD0E6008AEE77 /* Debug */,
				92685AC12B3DD0E6008AEE77 /* Release */,
			);
			defaultConfigurationIsVisible = 0;
			defaultConfigurationName = Release;
		};
		92685AC22B3DD0E6008AEE77 /* Build configuration list for PBXNativeTarget "ToDo ListTests" */ = {
			isa = XCConfigurationList;
			buildConfigurations = (
				92685AC32B3DD0E6008AEE77 /* Debug */,
				92685AC42B3DD0E6008AEE77 /* Release */,
			);
			defaultConfigurationIsVisible = 0;
			defaultConfigurationName = Release;
		};
		92685AC52B3DD0E6008AEE77 /* Build configuration list for PBXNativeTarget "ToDo ListUITests" */ = {
			isa = XCConfigurationList;
			buildConfigurations = (
				92685AC62B3DD0E6008AEE77 /* Debug */,
				92685AC72B3DD0E6008AEE77 /* Release */,
			);
			defaultConfigurationIsVisible = 0;
			defaultConfigurationName = Release;
		};
/* End XCConfigurationList section */

/* Begin XCRemoteSwiftPackageReference section */
		92685AC82B3DD204008AEE77 /* XCRemoteSwiftPackageReference "firebase-ios-sdk" */ = {
			isa = XCRemoteSwiftPackageReference;
			repositoryURL = "https://github.com/firebase/firebase-ios-sdk";
			requirement = {
				kind = upToNextMajorVersion;
				minimumVersion = 10.0.0;
			};
		};
/* End XCRemoteSwiftPackageReference section */

/* Begin XCSwiftPackageProductDependency section */
		92685AC92B3DD204008AEE77 /* FirebaseAuth */ = {
			isa = XCSwiftPackageProductDependency;
			package = 92685AC82B3DD204008AEE77 /* XCRemoteSwiftPackageReference "firebase-ios-sdk" */;
			productName = FirebaseAuth;
		};
		92685ACB2B3DD204008AEE77 /* FirebaseFirestore */ = {
			isa = XCSwiftPackageProductDependency;
			package = 92685AC82B3DD204008AEE77 /* XCRemoteSwiftPackageReference "firebase-ios-sdk" */;
			productName = FirebaseFirestore;
		};
		92685ACD2B3DD204008AEE77 /* FirebaseFirestoreSwift */ = {
			isa = XCSwiftPackageProductDependency;
			package = 92685AC82B3DD204008AEE77 /* XCRemoteSwiftPackageReference "firebase-ios-sdk" */;
			productName = FirebaseFirestoreSwift;
		};
/* End XCSwiftPackageProductDependency section */
	};
	rootObject = 92685A932B3DD0E6008AEE77 /* Project object */;
}
